
Microsoft Visual Studio Solution File, Format Version 12.00
# Visual Studio 15
VisualStudioVersion = 15.0.28010.2003
MinimumVisualStudioVersion = 10.0.40219.1
Project("{FAE04EC0-301F-11D3-BF4B-00C04F79EFBC}") = "GTA V - Profiles manager", "GTA V - Profiles manager\GTA V - Profiles manager.csproj", "{668F349B-D06F-4F87-A556-58A838E78728}"
EndProject
Global
	GlobalSection(SolutionConfigurationPlatforms) = preSolution
		Debug|Any CPU = Debug|Any CPU
		Release|Any CPU = Release|Any CPU
	EndGlobalSection
	GlobalSection(ProjectConfigurationPlatforms) = postSolution
		{668F349B-D06F-4F87-A556-58A838E78728}.Debug|Any CPU.ActiveCfg = Debug|Any CPU
		{668F349B-D06F-4F87-A556-58A838E78728}.Debug|Any CPU.Build.0 = Debug|Any CPU
		{668F349B-D06F-4F87-A556-58A838E78728}.Release|Any CPU.ActiveCfg = Release|Any CPU
		{668F349B-D06F-4F87-A556-58A838E78728}.Release|Any CPU.Build.0 = Release|Any CPU
	EndGlobalSection
	GlobalSection(SolutionProperties) = preSolution
		HideSolutionNode = FALSE
	EndGlobalSection
	GlobalSection(ExtensibilityGlobals) = postSolution
		SolutionGuid = {7A42A487-6B05-4AFC-B2BA-31AE12464BB5}
	EndGlobalSection
EndGlobal
